
Microsoft Visual Studio Solution File, Format Version 12.00
# Visual Studio Version 16
VisualStudioVersion = 16.0.29806.167
MinimumVisualStudioVersion = 10.0.40219.1
Project("{FAE04EC0-301F-11D3-BF4B-00C04F79EFBC}") = "tutorial101", "tutorial101\tutorial101.csproj", "{F67153EF-CAE2-4DEB-8454-6FFEB354404A}"
EndProject
Global
	GlobalSection(SolutionConfigurationPlatforms) = preSolution
		Debug|Any CPU = Debug|Any CPU
		Release|Any CPU = Release|Any CPU
	EndGlobalSection
	GlobalSection(ProjectConfigurationPlatforms) = postSolution
		{F67153EF-CAE2-4DEB-8454-6FFEB354404A}.Debug|Any CPU.ActiveCfg = Debug|Any CPU
		{F67153EF-CAE2-4DEB-8454-6FFEB354404A}.Debug|Any CPU.Build.0 = Debug|Any CPU
		{F67153EF-CAE2-4DEB-8454-6FFEB354404A}.Release|Any CPU.ActiveCfg = Release|Any CPU
		{F67153EF-CAE2-4DEB-8454-6FFEB354404A}.Release|Any CPU.Build.0 = Release|Any CPU
	EndGlobalSection
	GlobalSection(SolutionProperties) = preSolution
		HideSolutionNode = FALSE
	EndGlobalSection
	GlobalSection(ExtensibilityGlobals) = postSolution
		SolutionGuid = {786EC500-180E-4AA4-829E-E49074018734}
	EndGlobalSection
EndGlobal
